
Microsoft Visual Studio Solution File, Format Version 12.00
# Visual Studio Version 16
VisualStudioVersion = 16.0.31605.320
MinimumVisualStudioVersion = 10.0.40219.1
Project("{FAE04EC0-301F-11D3-BF4B-00C04F79EFBC}") = "StudentNoteMvcProject", "StudentNoteMvcProject\StudentNoteMvcProject.csproj", "{8E26B0A4-5C92-4AE1-8449-38742AD67C11}"
EndProject
Global
	GlobalSection(SolutionConfigurationPlatforms) = preSolution
		Debug|Any CPU = Debug|Any CPU
		Release|Any CPU = Release|Any CPU
	EndGlobalSection
	GlobalSection(ProjectConfigurationPlatforms) = postSolution
		{8E26B0A4-5C92-4AE1-8449-38742AD67C11}.Debug|Any CPU.ActiveCfg = Debug|Any CPU
		{8E26B0A4-5C92-4AE1-8449-38742AD67C11}.Debug|Any CPU.Build.0 = Debug|Any CPU
		{8E26B0A4-5C92-4AE1-8449-38742AD67C11}.Release|Any CPU.ActiveCfg = Release|Any CPU
		{8E26B0A4-5C92-4AE1-8449-38742AD67C11}.Release|Any CPU.Build.0 = Release|Any CPU
	EndGlobalSection
	GlobalSection(SolutionProperties) = preSolution
		HideSolutionNode = FALSE
	EndGlobalSection
	GlobalSection(ExtensibilityGlobals) = postSolution
		SolutionGuid = {3A529ADC-E38B-453D-8096-0EAD0562BDCE}
	EndGlobalSection
EndGlobal
